---
# Hermeto generic fetcher lockfile (https://github.com/hermetoproject/hermeto/blob/main/docs/generic.md).
# Docling weights are not listed here: layout and docling-models come from Red Hat AI ModelCar images
# (see Containerfile DOCLING_LAYOUT_MODELCAR / DOCLING_MODELS_MODELCAR; contents under /models).
# This lockfile pins only the sqlite-autoconf tarball for install_sqlite_from_source.sh.
metadata:
  version: "1.0"
artifacts:
  - download_url: "https://sqlite.org/2026/sqlite-autoconf-3510300.tar.gz"
    checksum: "sha256:81f5be397049b0cae1b167f2225af7646fc0f82e4a9b3c48c9ea3a533e21d77a"
    filename: "sqlite-autoconf-3510300.tar.gz"
